
Microsoft Visual Studio Solution File, Format Version 12.00
# Visual Studio Version 17
VisualStudioVersion = 17.10.35122.118
MinimumVisualStudioVersion = 10.0.40219.1
Project("{FAE04EC0-301F-11D3-BF4B-00C04F79EFBC}") = "TestArmo", "TestArmo\TestArmo.csproj", "{92CEC83D-EC0E-4EEA-9D2F-8BA77D3480F6}"
EndProject
Global
	GlobalSection(SolutionConfigurationPlatforms) = preSolution
		Debug|Any CPU = Debug|Any CPU
		Release|Any CPU = Release|Any CPU
	EndGlobalSection
	GlobalSection(ProjectConfigurationPlatforms) = postSolution
		{92CEC83D-EC0E-4EEA-9D2F-8BA77D3480F6}.Debug|Any CPU.ActiveCfg = Debug|Any CPU
		{92CEC83D-EC0E-4EEA-9D2F-8BA77D3480F6}.Debug|Any CPU.Build.0 = Debug|Any CPU
		{92CEC83D-EC0E-4EEA-9D2F-8BA77D3480F6}.Release|Any CPU.ActiveCfg = Release|Any CPU
		{92CEC83D-EC0E-4EEA-9D2F-8BA77D3480F6}.Release|Any CPU.Build.0 = Release|Any CPU
	EndGlobalSection
	GlobalSection(SolutionProperties) = preSolution
		HideSolutionNode = FALSE
	EndGlobalSection
	GlobalSection(ExtensibilityGlobals) = postSolution
		SolutionGuid = {F0A598BD-0279-484A-8580-60F7C00699D8}
	EndGlobalSection
EndGlobal
